
Microsoft Visual Studio Solution File, Format Version 12.00
# Visual Studio Version 17
VisualStudioVersion = 17.0.32014.148
MinimumVisualStudioVersion = 10.0.40219.1
Project("{FAE04EC0-301F-11D3-BF4B-00C04F79EFBC}") = "GeoFinder.API", "GeoFinder.API\GeoFinder.API.csproj", "{756709F3-7A95-40DE-8DFC-89D8BB4BE0C7}"
EndProject
Global
	GlobalSection(SolutionConfigurationPlatforms) = preSolution
		Debug|Any CPU = Debug|Any CPU
		Release|Any CPU = Release|Any CPU
	EndGlobalSection
	GlobalSection(ProjectConfigurationPlatforms) = postSolution
		{756709F3-7A95-40DE-8DFC-89D8BB4BE0C7}.Debug|Any CPU.ActiveCfg = Debug|Any CPU
		{756709F3-7A95-40DE-8DFC-89D8BB4BE0C7}.Debug|Any CPU.Build.0 = Debug|Any CPU
		{756709F3-7A95-40DE-8DFC-89D8BB4BE0C7}.Release|Any CPU.ActiveCfg = Release|Any CPU
		{756709F3-7A95-40DE-8DFC-89D8BB4BE0C7}.Release|Any CPU.Build.0 = Release|Any CPU
	EndGlobalSection
	GlobalSection(SolutionProperties) = preSolution
		HideSolutionNode = FALSE
	EndGlobalSection
	GlobalSection(ExtensibilityGlobals) = postSolution
		SolutionGuid = {28E4B745-7FA1-45E7-BF37-7553D0BEC672}
	EndGlobalSection
EndGlobal
