
Microsoft Visual Studio Solution File, Format Version 12.00
# Visual Studio Version 16
VisualStudioVersion = 16.0.32802.440
MinimumVisualStudioVersion = 10.0.40219.1
Project("{9A19103F-16F7-4668-BE54-9A1E7A4F7556}") = "GeoFinder.API", "GeoFinder.API\GeoFinder.API.csproj", "{756709F3-7A95-40DE-8DFC-89D8BB4BE0C7}"
EndProject
Project("{9A19103F-16F7-4668-BE54-9A1E7A4F7556}") = "GeoFinder.Model", "GeoFinder.Model\GeoFinder.Model.csproj", "{16B7B486-30DC-4DBB-8AED-3524AA97F30C}"
EndProject
Project("{9A19103F-16F7-4668-BE54-9A1E7A4F7556}") = "GeoFinder.Data", "GeoFinder.Data\GeoFinder.Data.csproj", "{82F42704-A202-446F-95C7-86502B563045}"
EndProject
Project("{00D1A9C2-B5F0-4AF3-8072-F6C62B433612}") = "GeoFinder.Database", "GeoFinder.Database\GeoFinder.Database.sqlproj", "{66168C53-261B-4813-A96B-4F39E5DE928D}"
EndProject
Project("{9A19103F-16F7-4668-BE54-9A1E7A4F7556}") = "GeoFinder.Utility", "GeoFinder.Utility1\GeoFinder.Utility.csproj", "{FF29BDF4-20C0-4367-8989-DC6F1F83B216}"
EndProject
Global
	GlobalSection(SolutionConfigurationPlatforms) = preSolution
		Debug|Any CPU = Debug|Any CPU
		Release|Any CPU = Release|Any CPU
	EndGlobalSection
	GlobalSection(ProjectConfigurationPlatforms) = postSolution
		{756709F3-7A95-40DE-8DFC-89D8BB4BE0C7}.Debug|Any CPU.ActiveCfg = Debug|Any CPU
		{756709F3-7A95-40DE-8DFC-89D8BB4BE0C7}.Debug|Any CPU.Build.0 = Debug|Any CPU
		{756709F3-7A95-40DE-8DFC-89D8BB4BE0C7}.Release|Any CPU.ActiveCfg = Release|Any CPU
		{756709F3-7A95-40DE-8DFC-89D8BB4BE0C7}.Release|Any CPU.Build.0 = Release|Any CPU
		{16B7B486-30DC-4DBB-8AED-3524AA97F30C}.Debug|Any CPU.ActiveCfg = Debug|Any CPU
		{16B7B486-30DC-4DBB-8AED-3524AA97F30C}.Debug|Any CPU.Build.0 = Debug|Any CPU
		{16B7B486-30DC-4DBB-8AED-3524AA97F30C}.Release|Any CPU.ActiveCfg = Release|Any CPU
		{16B7B486-30DC-4DBB-8AED-3524AA97F30C}.Release|Any CPU.Build.0 = Release|Any CPU
		{82F42704-A202-446F-95C7-86502B563045}.Debug|Any CPU.ActiveCfg = Debug|Any CPU
		{82F42704-A202-446F-95C7-86502B563045}.Debug|Any CPU.Build.0 = Debug|Any CPU
		{82F42704-A202-446F-95C7-86502B563045}.Release|Any CPU.ActiveCfg = Release|Any CPU
		{82F42704-A202-446F-95C7-86502B563045}.Release|Any CPU.Build.0 = Release|Any CPU
		{66168C53-261B-4813-A96B-4F39E5DE928D}.Debug|Any CPU.ActiveCfg = Debug|Any CPU
		{66168C53-261B-4813-A96B-4F39E5DE928D}.Debug|Any CPU.Build.0 = Debug|Any CPU
		{66168C53-261B-4813-A96B-4F39E5DE928D}.Debug|Any CPU.Deploy.0 = Debug|Any CPU
		{66168C53-261B-4813-A96B-4F39E5DE928D}.Release|Any CPU.ActiveCfg = Release|Any CPU
		{66168C53-261B-4813-A96B-4F39E5DE928D}.Release|Any CPU.Build.0 = Release|Any CPU
		{66168C53-261B-4813-A96B-4F39E5DE928D}.Release|Any CPU.Deploy.0 = Release|Any CPU
		{FF29BDF4-20C0-4367-8989-DC6F1F83B216}.Debug|Any CPU.ActiveCfg = Debug|Any CPU
		{FF29BDF4-20C0-4367-8989-DC6F1F83B216}.Debug|Any CPU.Build.0 = Debug|Any CPU
		{FF29BDF4-20C0-4367-8989-DC6F1F83B216}.Release|Any CPU.ActiveCfg = Release|Any CPU
		{FF29BDF4-20C0-4367-8989-DC6F1F83B216}.Release|Any CPU.Build.0 = Release|Any CPU
	EndGlobalSection
	GlobalSection(SolutionProperties) = preSolution
		HideSolutionNode = FALSE
	EndGlobalSection
	GlobalSection(ExtensibilityGlobals) = postSolution
		SolutionGuid = {28E4B745-7FA1-45E7-BF37-7553D0BEC672}
	EndGlobalSection
EndGlobal
